<?xml version="1.0" encoding="utf-8"?>
<Project ToolsVersion="4.0" xmlns="http://schemas.microsoft.com/developer/msbuild/2003">
  <ItemGroup>
    <Filter Include="Source Files">
      <UniqueIdentifier>{4FC737F1-C7A5-4376-A066-2A32D752A2FF}</UniqueIdentifier>
      <Extensions>cpp;c;cc;cxx;def;odl;idl;hpj;bat;asm;asmx</Extensions>
    </Filter>
    <Filter Include="Header Files">
      <UniqueIdentifier>{93995380-89BD-4b04-88EB-625FBE52EBFB}</UniqueIdentifier>
      <Extensions>h;hh;hpp;hxx;hm;inl;inc;xsd</Extensions>
    </Filter>
    <Filter Include="Resource Files">
      <UniqueIdentifier>{67DA6AB6-F800-4c08-8B7A-83BB121AAD01}</UniqueIdentifier>
      <Extensions>rc;ico;cur;bmp;dlg;rc2;rct;bin;rgs;gif;jpg;jpeg;jpe;resx;tiff;tif;png;wav</Extensions>
    </Filter>
  </ItemGroup>
  <ItemGroup>
    <ClCompile Include="src\hb-blob.cc">
      <Filter>Source Files</Filter>
    </ClCompile>
    <ClCompile Include="src\hb-buffer.cc">
      <Filter>Source Files</Filter>
    </ClCompile>
    <ClCompile Include="src\hb-unicode.cc">
      <Filter>Source Files</Filter>
    </ClCompile>
    <ClCompile Include="src\hb-warning.cc">
      <Filter>Source Files</Filter>
    </ClCompile>
    <ClCompile Include="src\hb-common.cc">
      <Filter>Source Files</Filter>
    </ClCompile>
    <ClCompile Include="src\hb-face.cc">
      <Filter>Source Files</Filter>
    </ClCompile>
    <ClCompile Include="src\hb-font.cc">
      <Filter>Source Files</Filter>
    </ClCompile>
    <ClCompile Include="src\hb-ot-tag.cc">
      <Filter>Source Files</Filter>
    </ClCompile>
    <ClCompile Include="src\hb-set.cc">
      <Filter>Source Files</Filter>
    </ClCompile>
    <ClCompile Include="src\hb-shape.cc">
      <Filter>Source Files</Filter>
    </ClCompile>
    <ClCompile Include="src\hb-shape-plan.cc">
      <Filter>Source Files</Filter>
    </ClCompile>
    <ClCompile Include="src\hb-shaper.cc">
      <Filter>Source Files</Filter>
    </ClCompile>
    <ClCompile Include="src\hb-ot-shape.cc">
      <Filter>Source Files</Filter>
    </ClCompile>
    <ClCompile Include="src\hb-ot-layout.cc">
      <Filter>Source Files</Filter>
    </ClCompile>
    <ClCompile Include="src\hb-ot-map.cc">
      <Filter>Source Files</Filter>
    </ClCompile>
    <ClCompile Include="src\hb-ot-math.cc">
      <Filter>Source Files</Filter>
    </ClCompile>
    <ClCompile Include="src\hb-ot-var.cc">
      <Filter>Source Files</Filter>
    </ClCompile>
    <ClCompile Include="src\hb-ot-shape-complex-arabic.cc">
      <Filter>Source Files</Filter>
    </ClCompile>
    <ClCompile Include="src\hb-ot-shape-complex-default.cc">
      <Filter>Source Files</Filter>
    </ClCompile>
    <ClCompile Include="src\hb-ot-shape-complex-hangul.cc">
      <Filter>Source Files</Filter>
    </ClCompile>
    <ClCompile Include="src\hb-ot-shape-complex-hebrew.cc">
      <Filter>Source Files</Filter>
    </ClCompile>
    <ClCompile Include="src\hb-ot-shape-complex-indic.cc">
      <Filter>Source Files</Filter>
    </ClCompile>
    <ClCompile Include="src\hb-ot-shape-complex-myanmar.cc">
      <Filter>Source Files</Filter>
    </ClCompile>
    <ClCompile Include="src\hb-ot-shape-complex-thai.cc">
      <Filter>Source Files</Filter>
    </ClCompile>
    <ClCompile Include="src\hb-ot-shape-complex-tibetan.cc">
      <Filter>Source Files</Filter>
    </ClCompile>
    <ClCompile Include="src\hb-ot-shape-complex-use.cc">
      <Filter>Source Files</Filter>
    </ClCompile>
    <ClCompile Include="src\hb-ot-shape-complex-use-table.cc">
      <Filter>Source Files</Filter>
    </ClCompile>
    <ClCompile Include="src\hb-ot-shape-fallback.cc">
      <Filter>Source Files</Filter>
    </ClCompile>
    <ClCompile Include="src\hb-ot-shape-normalize.cc">
      <Filter>Source Files</Filter>
    </ClCompile>
    <ClCompile Include="src\hb-ft.cc">
      <Filter>Source Files</Filter>
    </ClCompile>
    <ClCompile Include="src\hb-ot-shape-complex-indic-table.cc">
      <Filter>Source Files</Filter>
    </ClCompile>
  </ItemGroup>
  <ItemGroup>
    <ClInclude Include="StdToCdecConvert.h">
      <Filter>Header Files</Filter>
    </ClInclude>
  </ItemGroup>
</Project>