<?xml version="1.0" encoding="utf-8"?>
<Project ToolsVersion="15.0" xmlns="http://schemas.microsoft.com/developer/msbuild/2003">
  <ItemGroup>
    <ClCompile Include="..\..\..\dali-adaptor\dali\internal\system\common\abort-handler.cpp">
      <Filter>Source Files</Filter>
    </ClCompile>
    <ClCompile Include="..\..\..\dali-adaptor\dali\devel-api\adaptor-framework\accessibility-adaptor.cpp">
      <Filter>Source Files</Filter>
    </ClCompile>
    <ClCompile Include="..\..\..\dali-adaptor\dali\internal\accessibility\common\accessibility-adaptor-impl.cpp">
      <Filter>Source Files</Filter>
    </ClCompile>
    <ClCompile Include="..\..\..\dali-adaptor\dali\internal\accessibility\windows\accessibility-adaptor-impl-win.cpp">
      <Filter>Source Files</Filter>
    </ClCompile>
    <ClCompile Include="..\..\..\dali-adaptor\dali\internal\accessibility\common\accessibility-gesture-detector.cpp">
      <Filter>Source Files</Filter>
    </ClCompile>
    <ClCompile Include="..\..\..\dali-adaptor\dali\internal\adaptor\common\adaptor.cpp">
      <Filter>Source Files</Filter>
    </ClCompile>
    <ClCompile Include="..\..\..\dali-adaptor\dali\internal\adaptor\common\adaptor-impl.cpp">
      <Filter>Source Files</Filter>
    </ClCompile>
    <ClCompile Include="..\..\..\dali-adaptor\dali\internal\adaptor\windows\adaptor-impl-win.cpp">
      <Filter>Source Files</Filter>
    </ClCompile>
    <ClCompile Include="..\..\..\dali-adaptor\dali\internal\imaging\common\alpha-mask.cpp">
      <Filter>Source Files</Filter>
    </ClCompile>
    <ClCompile Include="..\..\..\dali-adaptor\dali\public-api\adaptor-framework\application.cpp">
      <Filter>Source Files</Filter>
    </ClCompile>
    <ClCompile Include="..\..\..\dali-adaptor\dali\devel-api\adaptor-framework\application-devel.cpp">
      <Filter>Source Files</Filter>
    </ClCompile>
    <ClCompile Include="..\..\..\dali-adaptor\dali\devel-api\adaptor-framework\application-extensions.cpp">
      <Filter>Source Files</Filter>
    </ClCompile>
    <ClCompile Include="..\..\..\dali-adaptor\dali\internal\adaptor\common\application-impl.cpp">
      <Filter>Source Files</Filter>
    </ClCompile>
    <ClCompile Include="..\..\..\dali-adaptor\dali\devel-api\text-abstraction\bidirectional-support.cpp">
      <Filter>Source Files</Filter>
    </ClCompile>
    <ClCompile Include="..\..\..\dali-adaptor\dali\internal\text\text-abstraction\bidirectional-support-impl.cpp">
      <Filter>Source Files</Filter>
    </ClCompile>
    <ClCompile Include="..\..\..\dali-adaptor\dali\devel-api\adaptor-framework\bitmap-saver.cpp">
      <Filter>Source Files</Filter>
    </ClCompile>
    <ClCompile Include="..\..\..\dali-adaptor\dali\internal\system\windows\callback-manager-win.cpp">
      <Filter>Source Files</Filter>
    </ClCompile>
    <ClCompile Include="..\..\..\dali-adaptor\dali\devel-api\adaptor-framework\clipboard.cpp">
      <Filter>Source Files</Filter>
    </ClCompile>
    <ClCompile Include="..\..\..\dali-adaptor\dali\devel-api\adaptor-framework\clipboard-event-notifier.cpp">
      <Filter>Source Files</Filter>
    </ClCompile>
    <ClCompile Include="..\..\..\dali-adaptor\dali\internal\clipboard\common\clipboard-event-notifier-impl.cpp">
      <Filter>Source Files</Filter>
    </ClCompile>
    <ClCompile Include="..\..\..\dali-adaptor\dali\internal\clipboard\windows\clipboard-impl-win.cpp">
      <Filter>Source Files</Filter>
    </ClCompile>
    <ClCompile Include="..\..\..\dali-adaptor\dali\devel-api\adaptor-framework\color-controller.cpp">
      <Filter>Source Files</Filter>
    </ClCompile>
    <ClCompile Include="..\..\..\dali-adaptor\dali\internal\adaptor\common\combined-update-render-controller.cpp">
      <Filter>Source Files</Filter>
    </ClCompile>
    <ClCompile Include="..\..\..\dali-adaptor\dali\internal\system\common\command-line-options.cpp">
      <Filter>Source Files</Filter>
    </ClCompile>
    <ClCompile Include="..\..\..\dali-adaptor\dali\public-api\dali-adaptor-version.cpp">
      <Filter>Source Files</Filter>
    </ClCompile>
    <ClCompile Include="..\..\..\dali-adaptor\dali\internal\legacy\tizen\data-compression.cpp">
      <Filter>Source Files</Filter>
    </ClCompile>
    <ClCompile Include="..\..\..\dali-adaptor\dali\internal\window-system\common\display-connection.cpp">
      <Filter>Source Files</Filter>
    </ClCompile>
    <ClCompile Include="..\..\..\dali-adaptor\dali\internal\window-system\windows\display-connection-factory-win.cpp">
      <Filter>Source Files</Filter>
    </ClCompile>
    <ClCompile Include="..\..\..\dali-adaptor\dali\internal\window-system\windows\display-connection-impl-win.cpp">
      <Filter>Source Files</Filter>
    </ClCompile>
    <ClCompile Include="..\..\..\dali-adaptor\dali\devel-api\adaptor-framework\drag-and-drop-detector.cpp">
      <Filter>Source Files</Filter>
    </ClCompile>
    <ClCompile Include="..\..\..\dali-adaptor\dali\internal\input\common\drag-and-drop-detector-impl.cpp">
      <Filter>Source Files</Filter>
    </ClCompile>
    <ClCompile Include="..\..\..\dali-adaptor\dali\internal\graphics\windows-gl\egl-image-extensions.cpp">
      <Filter>Source Files</Filter>
    </ClCompile>
    <ClCompile Include="..\..\..\dali-adaptor\dali\internal\system\common\environment-options.cpp">
      <Filter>Source Files</Filter>
    </ClCompile>
    <ClCompile Include="..\..\..\dali-adaptor\dali\devel-api\adaptor-framework\environment-variable.cpp">
      <Filter>Source Files</Filter>
    </ClCompile>
    <ClCompile Include="..\..\..\dali-adaptor\dali\devel-api\adaptor-framework\event-feeder.cpp">
      <Filter>Source Files</Filter>
    </ClCompile>
    <ClCompile Include="..\..\..\dali-adaptor\dali\internal\window-system\common\event-handler.cpp">
      <Filter>Source Files</Filter>
    </ClCompile>
    <ClCompile Include="..\..\..\dali-adaptor\dali\devel-api\adaptor-framework\event-thread-callback.cpp">
      <Filter>Source Files</Filter>
    </ClCompile>
    <ClCompile Include="..\..\..\dali-adaptor\dali\devel-api\adaptor-framework\feedback-player.cpp">
      <Filter>Source Files</Filter>
    </ClCompile>
    <ClCompile Include="..\..\..\dali-adaptor\dali\internal\haptics\common\feedback-player-impl.cpp">
      <Filter>Source Files</Filter>
    </ClCompile>
    <ClCompile Include="..\..\..\dali-adaptor\dali\internal\haptics\common\feedback-plugin-proxy.cpp">
      <Filter>Source Files</Filter>
    </ClCompile>
    <ClCompile Include="..\..\..\dali-adaptor\dali\internal\system\windows\file-closer-win.cpp">
      <Filter>Source Files</Filter>
    </ClCompile>
    <ClCompile Include="..\..\..\dali-adaptor\dali\devel-api\adaptor-framework\file-loader.cpp">
      <Filter>Source Files</Filter>
    </ClCompile>
    <ClCompile Include="..\..\..\dali-adaptor\dali\devel-api\text-abstraction\font-client.cpp">
      <Filter>Source Files</Filter>
    </ClCompile>
    <ClCompile Include="..\..\..\dali-adaptor\dali\internal\text\text-abstraction\font-client-helper.cpp">
      <Filter>Source Files</Filter>
    </ClCompile>
    <ClCompile Include="..\..\..\dali-adaptor\dali\internal\text\text-abstraction\font-client-impl.cpp">
      <Filter>Source Files</Filter>
    </ClCompile>
    <ClCompile Include="..\..\..\dali-adaptor\dali\internal\text\text-abstraction\font-client-plugin-impl.cpp">
      <Filter>Source Files</Filter>
    </ClCompile>
    <ClCompile Include="..\..\..\dali-adaptor\dali\devel-api\text-abstraction\font-list.cpp">
      <Filter>Source Files</Filter>
    </ClCompile>
    <ClCompile Include="..\..\..\dali-adaptor\dali\devel-api\text-abstraction\font-metrics.cpp">
      <Filter>Source Files</Filter>
    </ClCompile>
    <ClCompile Include="..\..\..\dali-adaptor\dali\internal\system\common\fps-tracker.cpp">
      <Filter>Source Files</Filter>
    </ClCompile>
    <ClCompile Include="..\..\..\dali-adaptor\dali\internal\system\common\frame-time-stamp.cpp">
      <Filter>Source Files</Filter>
    </ClCompile>
    <ClCompile Include="..\..\..\dali-adaptor\dali\internal\system\common\frame-time-stats.cpp">
      <Filter>Source Files</Filter>
    </ClCompile>
    <ClCompile Include="..\..\..\dali-adaptor\dali\internal\adaptor\windows\framework-win.cpp">
      <Filter>Source Files</Filter>
    </ClCompile>
    <ClCompile Include="..\..\..\dali-adaptor\dali\internal\imaging\common\gaussian-blur.cpp">
      <Filter>Source Files</Filter>
    </ClCompile>
    <ClCompile Include="..\..\..\dali-adaptor\dali\internal\input\common\gesture-manager.cpp">
      <Filter>Source Files</Filter>
    </ClCompile>
    <ClCompile Include="..\..\..\dali-adaptor\dali\devel-api\adaptor-framework\gif-loading.cpp">
      <Filter>Source Files</Filter>
    </ClCompile>
    <ClCompile Include="..\..\..\dali-adaptor\dali\devel-api\text-abstraction\glyph-info.cpp">
      <Filter>Source Files</Filter>
    </ClCompile>
    <ClCompile Include="..\..\..\dali-adaptor\third-party\glyphy\glyphy-arcs.cc">
      <Filter>Source Files</Filter>
    </ClCompile>
    <ClCompile Include="..\..\..\dali-adaptor\third-party\glyphy\glyphy-blob-impl.cc">
      <Filter>Source Files</Filter>
    </ClCompile>
    <ClCompile Include="..\..\..\dali-adaptor\third-party\glyphy\glyphy-extents.cc">
      <Filter>Source Files</Filter>
    </ClCompile>
    <ClCompile Include="..\..\..\dali-adaptor\third-party\glyphy\glyphy-outline.cc">
      <Filter>Source Files</Filter>
    </ClCompile>
    <ClCompile Include="..\..\..\dali-adaptor\third-party\glyphy\glyphy-sdf.cc">
      <Filter>Source Files</Filter>
    </ClCompile>
    <ClCompile Include="..\..\..\dali-adaptor\dali\internal\imaging\common\http-utils.cpp">
      <Filter>Source Files</Filter>
    </ClCompile>
    <ClCompile Include="..\..\..\dali-adaptor\dali\internal\imaging\common\image-loader.cpp">
      <Filter>Source Files</Filter>
    </ClCompile>
    <ClCompile Include="..\..\..\dali-adaptor\dali\devel-api\adaptor-framework\image-loading.cpp">
      <Filter>Source Files</Filter>
    </ClCompile>
    <ClCompile Include="..\..\..\dali-adaptor\dali\internal\imaging\common\image-operations.cpp">
      <Filter>Source Files</Filter>
    </ClCompile>
    <ClCompile Include="..\..\..\dali-adaptor\dali\internal\window-system\common\indicator-buffer.cpp">
      <Filter>Source Files</Filter>
    </ClCompile>
    <ClCompile Include="..\..\..\dali-adaptor\dali\devel-api\adaptor-framework\input-method-context.cpp">
      <Filter>Source Files</Filter>
    </ClCompile>
    <ClCompile Include="..\..\..\dali-adaptor\dali\internal\input\windows\input-method-context-factory-win.cpp">
      <Filter>Source Files</Filter>
    </ClCompile>
    <ClCompile Include="..\..\..\dali-adaptor\dali\internal\input\common\input-method-context-impl.cpp">
      <Filter>Source Files</Filter>
    </ClCompile>
    <ClCompile Include="..\..\..\dali-adaptor\dali\internal\input\windows\input-method-context-impl-win.cpp">
      <Filter>Source Files</Filter>
    </ClCompile>
    <ClCompile Include="..\..\..\dali-adaptor\dali\devel-api\adaptor-framework\input-method-options.cpp">
      <Filter>Source Files</Filter>
    </ClCompile>
    <ClCompile Include="..\..\..\dali-adaptor\dali\internal\system\common\kernel-trace.cpp">
      <Filter>Source Files</Filter>
    </ClCompile>
    <ClCompile Include="..\..\..\dali-adaptor\dali\public-api\adaptor-framework\key.cpp">
      <Filter>Source Files</Filter>
    </ClCompile>
    <ClCompile Include="..\..\..\dali-adaptor\dali\internal\input\common\key-grab.cpp">
      <Filter>Source Files</Filter>
    </ClCompile>
    <ClCompile Include="..\..\..\dali-adaptor\dali\internal\input\common\key-impl.cpp">
      <Filter>Source Files</Filter>
    </ClCompile>
    <ClCompile Include="..\..\..\dali-adaptor\dali\internal\input\windows\key-mapping-win.cpp">
      <Filter>Source Files</Filter>
    </ClCompile>
    <ClCompile Include="..\..\..\dali-adaptor\dali\devel-api\adaptor-framework\lifecycle-controller.cpp">
      <Filter>Source Files</Filter>
    </ClCompile>
    <ClCompile Include="..\..\..\dali-adaptor\dali\internal\adaptor\common\lifecycle-controller-impl.cpp">
      <Filter>Source Files</Filter>
    </ClCompile>
    <ClCompile Include="..\..\..\dali-adaptor\third-party\libunibreak\linebreak.c">
      <Filter>Source Files</Filter>
    </ClCompile>
    <ClCompile Include="..\..\..\dali-adaptor\third-party\libunibreak\linebreakdata.c">
      <Filter>Source Files</Filter>
    </ClCompile>
    <ClCompile Include="..\..\..\dali-adaptor\third-party\libunibreak\linebreakdef.c">
      <Filter>Source Files</Filter>
    </ClCompile>
    <ClCompile Include="..\..\..\dali-adaptor\dali\internal\imaging\common\loader-astc.cpp">
      <Filter>Source Files</Filter>
    </ClCompile>
    <ClCompile Include="..\..\..\dali-adaptor\dali\internal\imaging\common\loader-bmp.cpp">
      <Filter>Source Files</Filter>
    </ClCompile>
    <ClCompile Include="..\..\..\dali-adaptor\dali\internal\imaging\common\loader-gif.cpp">
      <Filter>Source Files</Filter>
    </ClCompile>
    <ClCompile Include="..\..\..\dali-adaptor\dali\internal\imaging\common\loader-ico.cpp">
      <Filter>Source Files</Filter>
    </ClCompile>
    <ClCompile Include="..\..\..\dali-adaptor\dali\internal\imaging\common\loader-jpeg-turbo.cpp">
      <Filter>Source Files</Filter>
    </ClCompile>
    <ClCompile Include="..\..\..\dali-adaptor\dali\internal\imaging\common\loader-ktx.cpp">
      <Filter>Source Files</Filter>
    </ClCompile>
    <ClCompile Include="..\..\..\dali-adaptor\dali\internal\imaging\common\loader-png.cpp">
      <Filter>Source Files</Filter>
    </ClCompile>
    <ClCompile Include="..\..\..\dali-adaptor\dali\internal\imaging\common\loader-wbmp.cpp">
      <Filter>Source Files</Filter>
    </ClCompile>
    <ClCompile Include="..\..\..\dali-adaptor\dali\internal\system\common\locale-utils.cpp">
      <Filter>Source Files</Filter>
    </ClCompile>
    <ClCompile Include="..\..\..\dali-adaptor\dali\internal\system\common\logging.cpp">
      <Filter>Source Files</Filter>
    </ClCompile>
    <ClCompile Include="..\..\..\dali-adaptor\dali\internal\input\common\long-press-gesture-detector.cpp">
      <Filter>Source Files</Filter>
    </ClCompile>
    <ClCompile Include="..\..\..\dali-adaptor\dali\internal\imaging\common\native-bitmap-buffer-impl.cpp">
      <Filter>Source Files</Filter>
    </ClCompile>
    <ClCompile Include="..\..\..\dali-adaptor\dali\internal\window-system\common\native-render-surface-factory.cpp">
      <Filter>Source Files</Filter>
    </ClCompile>
    <ClCompile Include="..\..\..\dali-adaptor\dali\internal\system\common\object-profiler.cpp">
      <Filter>Source Files</Filter>
    </ClCompile>
    <ClCompile Include="..\..\..\dali-adaptor\dali\devel-api\adaptor-framework\orientation.cpp">
      <Filter>Source Files</Filter>
    </ClCompile>
    <ClCompile Include="..\..\..\dali-adaptor\dali\internal\window-system\common\orientation-impl.cpp">
      <Filter>Source Files</Filter>
    </ClCompile>
    <ClCompile Include="..\..\..\dali-adaptor\dali\internal\input\common\pan-gesture-detector.cpp">
      <Filter>Source Files</Filter>
    </ClCompile>
    <ClCompile Include="..\..\..\dali-adaptor\dali\internal\input\common\pan-gesture-detector-base.cpp">
      <Filter>Source Files</Filter>
    </ClCompile>
    <ClCompile Include="..\..\..\dali-adaptor\dali\internal\system\common\performance-interface-factory.cpp">
      <Filter>Source Files</Filter>
    </ClCompile>
    <ClCompile Include="..\..\..\dali-adaptor\dali\devel-api\adaptor-framework\performance-logger.cpp">
      <Filter>Source Files</Filter>
    </ClCompile>
    <ClCompile Include="..\..\..\dali-adaptor\dali\internal\system\common\performance-logger-impl.cpp">
      <Filter>Source Files</Filter>
    </ClCompile>
    <ClCompile Include="..\..\..\dali-adaptor\dali\internal\system\common\performance-marker.cpp">
      <Filter>Source Files</Filter>
    </ClCompile>
    <ClCompile Include="..\..\..\dali-adaptor\dali\internal\system\common\performance-server.cpp">
      <Filter>Source Files</Filter>
    </ClCompile>
    <ClCompile Include="..\..\..\dali-adaptor\dali\devel-api\adaptor-framework\physical-keyboard.cpp">
      <Filter>Source Files</Filter>
    </ClCompile>
    <ClCompile Include="..\..\..\dali-adaptor\dali\internal\input\common\physical-keyboard-impl.cpp">
      <Filter>Source Files</Filter>
    </ClCompile>
    <ClCompile Include="..\..\..\dali-adaptor\dali\internal\input\common\pinch-gesture-detector.cpp">
      <Filter>Source Files</Filter>
    </ClCompile>
    <ClCompile Include="..\..\..\dali-adaptor\dali\devel-api\adaptor-framework\pixel-buffer.cpp">
      <Filter>Source Files</Filter>
    </ClCompile>
    <ClCompile Include="..\..\..\dali-adaptor\dali\internal\imaging\common\pixel-buffer-impl.cpp">
      <Filter>Source Files</Filter>
    </ClCompile>
    <ClCompile Include="..\..\..\dali-adaptor\dali\internal\imaging\common\pixel-manipulation.cpp">
      <Filter>Source Files</Filter>
    </ClCompile>
    <ClCompile Include="..\..\..\dali-adaptor\dali\internal\window-system\windows\platform-implement-win.cpp">
      <Filter>Source Files</Filter>
    </ClCompile>
    <ClCompile Include="..\..\..\dali-adaptor\dali\internal\window-system\windows\render-surface-factory-win.cpp">
      <Filter>Source Files</Filter>
    </ClCompile>
    <ClCompile Include="..\..\..\dali-adaptor\third-party\resampler\resampler.cpp">
      <Filter>Source Files</Filter>
    </ClCompile>
    <ClCompile Include="..\..\..\dali-adaptor\dali\devel-api\text-abstraction\script.cpp">
      <Filter>Source Files</Filter>
    </ClCompile>
    <ClCompile Include="..\..\..\dali-adaptor\dali\devel-api\text-abstraction\segmentation.cpp">
      <Filter>Source Files</Filter>
    </ClCompile>
    <ClCompile Include="..\..\..\dali-adaptor\dali\internal\text\text-abstraction\segmentation-impl.cpp">
      <Filter>Source Files</Filter>
    </ClCompile>
    <ClCompile Include="..\..\..\dali-adaptor\dali\devel-api\text-abstraction\shaping.cpp">
      <Filter>Source Files</Filter>
    </ClCompile>
    <ClCompile Include="..\..\..\dali-adaptor\dali\internal\text\text-abstraction\shaping-impl.cpp">
      <Filter>Source Files</Filter>
    </ClCompile>
    <ClCompile Include="..\..\..\dali-adaptor\dali\devel-api\adaptor-framework\singleton-service.cpp">
      <Filter>Source Files</Filter>
    </ClCompile>
    <ClCompile Include="..\..\..\dali-adaptor\dali\internal\system\common\singleton-service-impl.cpp">
      <Filter>Source Files</Filter>
    </ClCompile>
    <ClCompile Include="..\..\..\dali-adaptor\dali\internal\network\common\socket-factory.cpp">
      <Filter>Source Files</Filter>
    </ClCompile>
    <ClCompile Include="..\..\..\dali-adaptor\dali\internal\network\common\socket-impl.cpp">
      <Filter>Source Files</Filter>
    </ClCompile>
    <ClCompile Include="..\..\..\dali-adaptor\dali\devel-api\adaptor-framework\sound-player.cpp">
      <Filter>Source Files</Filter>
    </ClCompile>
    <ClCompile Include="..\..\..\dali-adaptor\dali\internal\system\common\sound-player-impl.cpp">
      <Filter>Source Files</Filter>
    </ClCompile>
    <ClCompile Include="..\..\..\dali-adaptor\dali\internal\system\common\stat-context.cpp">
      <Filter>Source Files</Filter>
    </ClCompile>
    <ClCompile Include="..\..\..\dali-adaptor\dali\internal\system\common\stat-context-manager.cpp">
      <Filter>Source Files</Filter>
    </ClCompile>
    <ClCompile Include="..\..\..\dali-adaptor\dali\devel-api\adaptor-framework\style-monitor.cpp">
      <Filter>Source Files</Filter>
    </ClCompile>
    <ClCompile Include="..\..\..\dali-adaptor\dali\internal\styling\common\style-monitor-impl.cpp">
      <Filter>Source Files</Filter>
    </ClCompile>
    <ClCompile Include="..\..\..\dali-adaptor\dali\internal\system\common\system-trace.cpp">
      <Filter>Source Files</Filter>
    </ClCompile>
    <ClCompile Include="..\..\..\dali-adaptor\dali\internal\input\common\tap-gesture-detector.cpp">
      <Filter>Source Files</Filter>
    </ClCompile>
    <ClCompile Include="..\..\..\dali-adaptor\dali\internal\system\common\thread-controller.cpp">
      <Filter>Source Files</Filter>
    </ClCompile>
    <ClCompile Include="..\..\..\dali-adaptor\dali\devel-api\adaptor-framework\tilt-sensor.cpp">
      <Filter>Source Files</Filter>
    </ClCompile>
    <ClCompile Include="..\..\..\dali-adaptor\dali\internal\sensor\common\tilt-sensor-factory.cpp">
      <Filter>Source Files</Filter>
    </ClCompile>
    <ClCompile Include="..\..\..\dali-adaptor\dali\internal\sensor\common\tilt-sensor-impl.cpp">
      <Filter>Source Files</Filter>
    </ClCompile>
    <ClCompile Include="..\..\..\dali-adaptor\dali\public-api\adaptor-framework\timer.cpp">
      <Filter>Source Files</Filter>
    </ClCompile>
    <ClCompile Include="..\..\..\dali-adaptor\dali\internal\system\windows\timer-impl-win.cpp">
      <Filter>Source Files</Filter>
    </ClCompile>
    <ClCompile Include="..\..\..\dali-adaptor\dali\internal\system\common\time-service.cpp">
      <Filter>Source Files</Filter>
    </ClCompile>
    <ClCompile Include="..\..\..\dali-adaptor\dali\internal\legacy\common\tizen-platform-abstraction.cpp">
      <Filter>Source Files</Filter>
    </ClCompile>
    <ClCompile Include="..\..\..\dali-adaptor\dali\internal\trace\common\trace-factory.cpp">
      <Filter>Source Files</Filter>
    </ClCompile>
    <ClCompile Include="..\..\..\dali-adaptor\dali\internal\trace\common\trace-manager-impl.cpp">
      <Filter>Source Files</Filter>
    </ClCompile>
    <ClCompile Include="..\..\..\dali-adaptor\dali\public-api\adaptor-framework\tts-player.cpp">
      <Filter>Source Files</Filter>
    </ClCompile>
    <ClCompile Include="..\..\..\dali-adaptor\dali\internal\accessibility\common\tts-player-factory.cpp">
      <Filter>Source Files</Filter>
    </ClCompile>
    <ClCompile Include="..\..\..\dali-adaptor\dali\internal\accessibility\common\tts-player-impl.cpp">
      <Filter>Source Files</Filter>
    </ClCompile>
    <ClCompile Include="..\..\..\dali-adaptor\dali\internal\system\common\update-status-logger.cpp">
      <Filter>Source Files</Filter>
    </ClCompile>
    <ClCompile Include="..\..\..\dali-adaptor\third-party\glyphy\vector-font-cache.cpp">
      <Filter>Source Files</Filter>
    </ClCompile>
    <ClCompile Include="..\..\..\dali-adaptor\dali\devel-api\adaptor-framework\video-player.cpp">
      <Filter>Source Files</Filter>
    </ClCompile>
    <ClCompile Include="..\..\..\dali-adaptor\dali\internal\video\common\video-player-impl.cpp">
      <Filter>Source Files</Filter>
    </ClCompile>
    <ClCompile Include="..\..\..\dali-adaptor\dali\devel-api\adaptor-framework\virtual-keyboard.cpp">
      <Filter>Source Files</Filter>
    </ClCompile>
    <ClCompile Include="..\..\..\dali-adaptor\dali\internal\input\windows\virtual-keyboard-impl-win.cpp">
      <Filter>Source Files</Filter>
    </ClCompile>
    <ClCompile Include="..\..\..\dali-adaptor\dali\internal\graphics\windows\vsync-monitor-win.cpp">
      <Filter>Source Files</Filter>
    </ClCompile>
    <ClCompile Include="..\..\..\dali-adaptor\dali\public-api\adaptor-framework\widget.cpp">
      <Filter>Source Files</Filter>
    </ClCompile>
    <ClCompile Include="..\..\..\dali-adaptor\dali\public-api\adaptor-framework\widget-application.cpp">
      <Filter>Source Files</Filter>
    </ClCompile>
    <ClCompile Include="..\..\..\dali-adaptor\dali\internal\system\common\widget-application-impl.cpp">
      <Filter>Source Files</Filter>
    </ClCompile>
    <ClCompile Include="..\..\..\dali-adaptor\dali\internal\system\windows\widget-application-impl-win.cpp">
      <Filter>Source Files</Filter>
    </ClCompile>
    <ClCompile Include="..\..\..\dali-adaptor\dali\internal\system\windows\widget-controller-win.cpp">
      <Filter>Source Files</Filter>
    </ClCompile>
    <ClCompile Include="..\..\..\dali-adaptor\dali\public-api\adaptor-framework\widget-impl.cpp">
      <Filter>Source Files</Filter>
    </ClCompile>
    <ClCompile Include="..\..\..\dali-adaptor\dali\public-api\adaptor-framework\window.cpp">
      <Filter>Source Files</Filter>
    </ClCompile>
    <ClCompile Include="..\..\..\dali-adaptor\dali\internal\window-system\common\window-base.cpp">
      <Filter>Source Files</Filter>
    </ClCompile>
    <ClCompile Include="..\..\..\dali-adaptor\dali\internal\window-system\windows\window-base-win.cpp">
      <Filter>Source Files</Filter>
    </ClCompile>
    <ClCompile Include="..\..\..\dali-adaptor\dali\internal\window-system\windows\window-factory-win.cpp">
      <Filter>Source Files</Filter>
    </ClCompile>
    <ClCompile Include="..\..\..\dali-adaptor\dali\internal\window-system\common\window-impl.cpp">
      <Filter>Source Files</Filter>
    </ClCompile>
    <ClCompile Include="..\..\..\dali-adaptor\dali\internal\window-system\common\window-render-surface.cpp">
      <Filter>Source Files</Filter>
    </ClCompile>
    <ClCompile Include="..\..\..\dali-adaptor\dali\internal\window-system\windows\window-system-win.cpp">
      <Filter>Source Files</Filter>
    </ClCompile>
    <ClCompile Include="..\..\..\dali-adaptor\third-party\libunibreak\wordbreak.c">
      <Filter>Source Files</Filter>
    </ClCompile>
    <ClCompile Include="..\..\..\dali-adaptor\dali\internal\imaging\windows\file-download-win.cpp">
      <Filter>Source Files</Filter>
    </ClCompile>
    <ClCompile Include="..\..\..\dali-adaptor\dali\internal\imaging\windows\curl-environment-win.cpp">
      <Filter>Source Files</Filter>
    </ClCompile>
    <ClCompile Include="..\..\..\dali-adaptor\dali\devel-api\adaptor-framework\thread-settings.cpp">
      <Filter>Source Files</Filter>
    </ClCompile>
    <ClCompile Include="..\..\..\dali-adaptor\dali\internal\thread\common\thread-settings-impl.cpp">
      <Filter>Source Files</Filter>
    </ClCompile>
    <ClCompile Include="..\..\..\dali-adaptor\dali\public-api\adaptor-framework\native-image-source.cpp">
      <Filter>Source Files</Filter>
    </ClCompile>
    <ClCompile Include="..\..\..\dali-adaptor\dali\internal\imaging\windows\native-image-source-factory-win.cpp">
      <Filter>Source Files</Filter>
    </ClCompile>
    <ClCompile Include="..\..\..\dali-adaptor\dali\internal\imaging\windows\native-image-source-impl-win.cpp">
      <Filter>Source Files</Filter>
    </ClCompile>
    <ClCompile Include="..\..\..\dali-adaptor\dali\devel-api\adaptor-framework\native-image-source-queue.cpp">
      <Filter>Source Files</Filter>
    </ClCompile>
    <ClCompile Include="..\..\..\dali-adaptor\dali\internal\system\windows\trigger-event-factory.cpp">
      <Filter>Source Files</Filter>
    </ClCompile>
    <ClCompile Include="..\..\..\dali-adaptor\dali\internal\system\windows\trigger-event.cpp">
      <Filter>Source Files</Filter>
    </ClCompile>
    <ClCompile Include="..\..\..\dali-adaptor\dali\internal\adaptor\common\adaptor-builder-impl.cpp">
      <Filter>Source Files</Filter>
    </ClCompile>
    <ClCompile Include="..\..\..\dali-adaptor\dali\internal\imaging\common\image-loader-plugin-proxy.cpp">
      <Filter>Source Files</Filter>
    </ClCompile>
    <ClCompile Include="..\..\..\dali-adaptor\dali\internal\system\windows\system-settings-win.cpp">
      <Filter>Source Files</Filter>
    </ClCompile>
    <ClCompile Include="..\..\..\dali-adaptor\dali\devel-api\adaptor-framework\web-engine.cpp">
      <Filter>Source Files</Filter>
    </ClCompile>
    <ClCompile Include="..\..\..\dali-adaptor\dali\internal\web-engine\common\web-engine-impl.cpp">
      <Filter>Source Files</Filter>
    </ClCompile>
    <ClCompile Include="..\..\..\dali-adaptor\dali\internal\graphics\gles\egl-sync-implementation.cpp">
      <Filter>Source Files</Filter>
    </ClCompile>
    <ClCompile Include="..\..\..\dali-adaptor\dali\internal\graphics\gles\gl-extensions.cpp">
      <Filter>Source Files</Filter>
    </ClCompile>
    <ClCompile Include="..\..\..\dali-adaptor\dali\internal\graphics\gles\gl-proxy-implementation.cpp">
      <Filter>Source Files</Filter>
    </ClCompile>
    <ClCompile Include="..\..\..\dali-adaptor\dali\internal\graphics\gles\egl-debug.cpp">
      <Filter>Source Files</Filter>
    </ClCompile>
    <ClCompile Include="..\..\..\dali-adaptor\dali\internal\graphics\gles\egl-graphics.cpp">
      <Filter>Source Files</Filter>
    </ClCompile>
    <ClCompile Include="..\..\..\dali-adaptor\dali\internal\graphics\gles\egl-graphics-factory.cpp">
      <Filter>Source Files</Filter>
    </ClCompile>
    <ClCompile Include="..\..\..\dali-adaptor\dali\internal\graphics\gles\egl-implementation.cpp">
      <Filter>Source Files</Filter>
    </ClCompile>
    <ClCompile Include="..\..\..\dali-adaptor\dali\devel-api\adaptor-framework\vector-animation-renderer.cpp">
      <Filter>Source Files</Filter>
    </ClCompile>
    <ClCompile Include="..\..\..\dali-adaptor\dali\internal\vector-animation\common\vector-animation-renderer-plugin-proxy.cpp">
      <Filter>Source Files</Filter>
    </ClCompile>
    <ClCompile Include="..\..\..\dali-adaptor\dali\internal\vector-animation\common\vector-animation-renderer-impl.cpp">
      <Filter>Source Files</Filter>
    </ClCompile>
    <ClCompile Include="..\..\..\dali-adaptor\dali\devel-api\adaptor-framework\window-devel.cpp">
      <Filter>Source Files</Filter>
    </ClCompile>
    <ClCompile Include="..\..\..\dali-adaptor\dali\internal\system\common\color-controller-impl.cpp">
      <Filter>Source Files</Filter>
    </ClCompile>
    <ClCompile Include="..\..\..\dali-adaptor\dali\internal\input\common\keyboard.cpp">
      <Filter>Source Files</Filter>
    </ClCompile>
  </ItemGroup>
  <ItemGroup>
    <Filter Include="Source Files">
      <UniqueIdentifier>{EFDBE0C9-FF26-3C30-BA90-5916E19580C1}</UniqueIdentifier>
    </Filter>
  </ItemGroup>
</Project>